
Microsoft Visual Studio Solution File, Format Version 12.00
# Visual Studio 15
VisualStudioVersion = 15.0.28307.271
MinimumVisualStudioVersion = 10.0.40219.1
Project("{8BC9CEB8-8B4A-11D0-8D11-00A0C91BC942}") = "OpenGLSettings", "OpenGLSettings\OpenGLSettings.vcxproj", "{4519A025-7841-44D9-984F-D2F511903398}"
EndProject
Global
	GlobalSection(SolutionConfigurationPlatforms) = preSolution
		Debug|x64 = Debug|x64
		Release|x64 = Release|x64
	EndGlobalSection
	GlobalSection(ProjectConfigurationPlatforms) = postSolution
		{4519A025-7841-44D9-984F-D2F511903398}.Debug|x64.ActiveCfg = Debug|Win32
		{4519A025-7841-44D9-984F-D2F511903398}.Debug|x64.Build.0 = Debug|Win32
		{4519A025-7841-44D9-984F-D2F511903398}.Release|x64.ActiveCfg = Release|x64
		{4519A025-7841-44D9-984F-D2F511903398}.Release|x64.Build.0 = Release|x64
	EndGlobalSection
	GlobalSection(SolutionProperties) = preSolution
		HideSolutionNode = FALSE
	EndGlobalSection
	GlobalSection(ExtensibilityGlobals) = postSolution
		SolutionGuid = {E65E2398-D2DC-4B8D-967F-CA234BD7970D}
	EndGlobalSection
EndGlobal
